// !$*UTF8*$!
{
	archiveVersion = 1;
	classes = {
	};
	objectVersion = 56;
	objects = {

/* Begin PBXBuildFile section */
		9C13A7682C181DCE006D2DFF /* RestaurantManagementApp.swift in Sources */ = {isa = PBXBuildFile; fileRef = 9C13A7672C181DCE006D2DFF /* RestaurantManagementApp.swift */; };
		9C13A76A2C181DCE006D2DFF /* ContentView.swift in Sources */ = {isa = PBXBuildFile; fileRef = 9C13A7692C181DCE006D2DFF /* ContentView.swift */; };
		9C13A76C2C181DCE006D2DFF /* Item.swift in Sources */ = {isa = PBXBuildFile; fileRef = 9C13A76B2C181DCE006D2DFF /* Item.swift */; };
		9C13A76E2C181DD1006D2DFF /* Assets.xcassets in Resources */ = {isa = PBXBuildFile; fileRef = 9C13A76D2C181DD1006D2DFF /* Assets.xcassets */; };
		9C13A7722C181DD1006D2DFF /* Preview Assets.xcassets in Resources */ = {isa = PBXBuildFile; fileRef = 9C13A7712C181DD1006D2DFF /* Preview Assets.xcassets */; };
		9C13A77C2C181DD1006D2DFF /* RestaurantManagementTests.swift in Sources */ = {isa = PBXBuildFile; fileRef = 9C13A77B2C181DD1006D2DFF /* RestaurantManagementTests.swift */; };
		9C13A7862C181DD1006D2DFF /* RestaurantManagementUITests.swift in Sources */ = {isa = PBXBuildFile; fileRef = 9C13A7852C181DD1006D2DFF /* RestaurantManagementUITests.swift */; };
		9C13A7882C181DD1006D2DFF /* RestaurantManagementUITestsLaunchTests.swift in Sources */ = {isa = PBXBuildFile; fileRef = 9C13A7872C181DD1006D2DFF /* RestaurantManagementUITestsLaunchTests.swift */; };
		9C13A7952C181E72006D2DFF /* LoginView.swift in Sources */ = {isa = PBXBuildFile; fileRef = 9C13A7942C181E72006D2DFF /* LoginView.swift */; };
		9C13A7972C181E9B006D2DFF /* CreateAccountView.swift in Sources */ = {isa = PBXBuildFile; fileRef = 9C13A7962C181E9B006D2DFF /* CreateAccountView.swift */; };
		9C13A7992C181ECC006D2DFF /* HomePageView.swift in Sources */ = {isa = PBXBuildFile; fileRef = 9C13A7982C181ECC006D2DFF /* HomePageView.swift */; };
		9C13A79B2C181F81006D2DFF /* InventoryView.swift in Sources */ = {isa = PBXBuildFile; fileRef = 9C13A79A2C181F81006D2DFF /* InventoryView.swift */; };
		9C13A79D2C181F8D006D2DFF /* CostView.swift in Sources */ = {isa = PBXBuildFile; fileRef = 9C13A79C2C181F8D006D2DFF /* CostView.swift */; };
		9C1B97FB2C24DD3500296A03 /* FirebaseAuth in Frameworks */ = {isa = PBXBuildFile; productRef = 9C1B97FA2C24DD3500296A03 /* FirebaseAuth */; };
		9C1B97FD2C250B3600296A03 /* AppDelegate.swift in Sources */ = {isa = PBXBuildFile; fileRef = 9C1B97FC2C250B3600296A03 /* AppDelegate.swift */; };
		9C1B97FF2C26202E00296A03 /* GoogleService-Info.plist in Resources */ = {isa = PBXBuildFile; fileRef = 9C1B97FE2C26202E00296A03 /* GoogleService-Info.plist */; };
/* End PBXBuildFile section */

/* Begin PBXContainerItemProxy section */
		9C13A7782C181DD1006D2DFF /* PBXContainerItemProxy */ = {
			isa = PBXContainerItemProxy;
			containerPortal = 9C13A75C2C181DCE006D2DFF /* Project object */;
			proxyType = 1;
			remoteGlobalIDString = 9C13A7632C181DCE006D2DFF;
			remoteInfo = RestaurantManagement;
		};
		9C13A7822C181DD1006D2DFF /* PBXContainerItemProxy */ = {
			isa = PBXContainerItemProxy;
			containerPortal = 9C13A75C2C181DCE006D2DFF /* Project object */;
			proxyType = 1;
			remoteGlobalIDString = 9C13A7632C181DCE006D2DFF;
			remoteInfo = RestaurantManagement;
		};
/* End PBXContainerItemProxy section */

/* Begin PBXFileReference section */
		9C13A7642C181DCE006D2DFF /* RestaurantManagement.app */ = {isa = PBXFileReference; explicitFileType = wrapper.application; includeInIndex = 0; path = RestaurantManagement.app; sourceTree = BUILT_PRODUCTS_DIR; };
		9C13A7672C181DCE006D2DFF /* RestaurantManagementApp.swift */ = {isa = PBXFileReference; lastKnownFileType = sourcecode.swift; path = RestaurantManagementApp.swift; sourceTree = "<group>"; };
		9C13A7692C181DCE006D2DFF /* ContentView.swift */ = {isa = PBXFileReference; lastKnownFileType = sourcecode.swift; path = ContentView.swift; sourceTree = "<group>"; };
		9C13A76B2C181DCE006D2DFF /* Item.swift */ = {isa = PBXFileReference; lastKnownFileType = sourcecode.swift; path = Item.swift; sourceTree = "<group>"; };
		9C13A76D2C181DD1006D2DFF /* Assets.xcassets */ = {isa = PBXFileReference; lastKnownFileType = folder.assetcatalog; path = Assets.xcassets; sourceTree = "<group>"; };
		9C13A76F2C181DD1006D2DFF /* RestaurantManagement.entitlements */ = {isa = PBXFileReference; lastKnownFileType = text.plist.entitlements; path = RestaurantManagement.entitlements; sourceTree = "<group>"; };
		9C13A7712C181DD1006D2DFF /* Preview Assets.xcassets */ = {isa = PBXFileReference; lastKnownFileType = folder.assetcatalog; path = "Preview Assets.xcassets"; sourceTree = "<group>"; };
		9C13A7772C181DD1006D2DFF /* RestaurantManagementTests.xctest */ = {isa = PBXFileReference; explicitFileType = wrapper.cfbundle; includeInIndex = 0; path = RestaurantManagementTests.xctest; sourceTree = BUILT_PRODUCTS_DIR; };
		9C13A77B2C181DD1006D2DFF /* RestaurantManagementTests.swift */ = {isa = PBXFileReference; lastKnownFileType = sourcecode.swift; path = RestaurantManagementTests.swift; sourceTree = "<group>"; };
		9C13A7812C181DD1006D2DFF /* RestaurantManagementUITests.xctest */ = {isa = PBXFileReference; explicitFileType = wrapper.cfbundle; includeInIndex = 0; path = RestaurantManagementUITests.xctest; sourceTree = BUILT_PRODUCTS_DIR; };
		9C13A7852C181DD1006D2DFF /* RestaurantManagementUITests.swift */ = {isa = PBXFileReference; lastKnownFileType = sourcecode.swift; path = RestaurantManagementUITests.swift; sourceTree = "<group>"; };
		9C13A7872C181DD1006D2DFF /* RestaurantManagementUITestsLaunchTests.swift */ = {isa = PBXFileReference; lastKnownFileType = sourcecode.swift; path = RestaurantManagementUITestsLaunchTests.swift; sourceTree = "<group>"; };
		9C13A7942C181E72006D2DFF /* LoginView.swift */ = {isa = PBXFileReference; lastKnownFileType = sourcecode.swift; path = LoginView.swift; sourceTree = "<group>"; };
		9C13A7962C181E9B006D2DFF /* CreateAccountView.swift */ = {isa = PBXFileReference; lastKnownFileType = sourcecode.swift; path = CreateAccountView.swift; sourceTree = "<group>"; };
		9C13A7982C181ECC006D2DFF /* HomePageView.swift */ = {isa = PBXFileReference; lastKnownFileType = sourcecode.swift; path = HomePageView.swift; sourceTree = "<group>"; };
		9C13A79A2C181F81006D2DFF /* InventoryView.swift */ = {isa = PBXFileReference; lastKnownFileType = sourcecode.swift; path = InventoryView.swift; sourceTree = "<group>"; };
		9C13A79C2C181F8D006D2DFF /* CostView.swift */ = {isa = PBXFileReference; lastKnownFileType = sourcecode.swift; path = CostView.swift; sourceTree = "<group>"; };
		9C1B97FC2C250B3600296A03 /* AppDelegate.swift */ = {isa = PBXFileReference; lastKnownFileType = sourcecode.swift; path = AppDelegate.swift; sourceTree = "<group>"; };
		9C1B97FE2C26202E00296A03 /* GoogleService-Info.plist */ = {isa = PBXFileReference; fileEncoding = 4; lastKnownFileType = text.plist.xml; path = "GoogleService-Info.plist"; sourceTree = "<group>"; };
/* End PBXFileReference section */

/* Begin PBXFrameworksBuildPhase section */
		9C13A7612C181DCE006D2DFF /* Frameworks */ = {
			isa = PBXFrameworksBuildPhase;
			buildActionMask = 2147483647;
			files = (
				9C1B97FB2C24DD3500296A03 /* FirebaseAuth in Frameworks */,
			);
			runOnlyForDeploymentPostprocessing = 0;
		};
		9C13A7742C181DD1006D2DFF /* Frameworks */ = {
			isa = PBXFrameworksBuildPhase;
			buildActionMask = 2147483647;
			files = (
			);
			runOnlyForDeploymentPostprocessing = 0;
		};
		9C13A77E2C181DD1006D2DFF /* Frameworks */ = {
			isa = PBXFrameworksBuildPhase;
			buildActionMask = 2147483647;
			files = (
			);
			runOnlyForDeploymentPostprocessing = 0;
		};
/* End PBXFrameworksBuildPhase section */

/* Begin PBXGroup section */
		9C13A75B2C181DCE006D2DFF = {
			isa = PBXGroup;
			children = (
				9C13A7662C181DCE006D2DFF /* RestaurantManagement */,
				9C13A77A2C181DD1006D2DFF /* RestaurantManagementTests */,
				9C13A7842C181DD1006D2DFF /* RestaurantManagementUITests */,
				9C13A7652C181DCE006D2DFF /* Products */,
				9C1B97F92C24DD3500296A03 /* Frameworks */,
			);
			sourceTree = "<group>";
		};
		9C13A7652C181DCE006D2DFF /* Products */ = {
			isa = PBXGroup;
			children = (
				9C13A7642C181DCE006D2DFF /* RestaurantManagement.app */,
				9C13A7772C181DD1006D2DFF /* RestaurantManagementTests.xctest */,
				9C13A7812C181DD1006D2DFF /* RestaurantManagementUITests.xctest */,
			);
			name = Products;
			sourceTree = "<group>";
		};
		9C13A7662C181DCE006D2DFF /* RestaurantManagement */ = {
			isa = PBXGroup;
			children = (
				9C1B97FE2C26202E00296A03 /* GoogleService-Info.plist */,
				9C13A7672C181DCE006D2DFF /* RestaurantManagementApp.swift */,
				9C1B97FC2C250B3600296A03 /* AppDelegate.swift */,
				9C13A7692C181DCE006D2DFF /* ContentView.swift */,
				9C13A7982C181ECC006D2DFF /* HomePageView.swift */,
				9C13A79A2C181F81006D2DFF /* InventoryView.swift */,
				9C13A79C2C181F8D006D2DFF /* CostView.swift */,
				9C13A7942C181E72006D2DFF /* LoginView.swift */,
				9C13A7962C181E9B006D2DFF /* CreateAccountView.swift */,
				9C13A76B2C181DCE006D2DFF /* Item.swift */,
				9C13A76D2C181DD1006D2DFF /* Assets.xcassets */,
				9C13A76F2C181DD1006D2DFF /* RestaurantManagement.entitlements */,
				9C13A7702C181DD1006D2DFF /* Preview Content */,
			);
			path = RestaurantManagement;
			sourceTree = "<group>";
		};
		9C13A7702C181DD1006D2DFF /* Preview Content */ = {
			isa = PBXGroup;
			children = (
				9C13A7712C181DD1006D2DFF /* Preview Assets.xcassets */,
			);
			path = "Preview Content";
			sourceTree = "<group>";
		};
		9C13A77A2C181DD1006D2DFF /* RestaurantManagementTests */ = {
			isa = PBXGroup;
			children = (
				9C13A77B2C181DD1006D2DFF /* RestaurantManagementTests.swift */,
			);
			path = RestaurantManagementTests;
			sourceTree = "<group>";
		};
		9C13A7842C181DD1006D2DFF /* RestaurantManagementUITests */ = {
			isa = PBXGroup;
			children = (
				9C13A7852C181DD1006D2DFF /* RestaurantManagementUITests.swift */,
				9C13A7872C181DD1006D2DFF /* RestaurantManagementUITestsLaunchTests.swift */,
			);
			path = RestaurantManagementUITests;
			sourceTree = "<group>";
		};
		9C1B97F92C24DD3500296A03 /* Frameworks */ = {
			isa = PBXGroup;
			children = (
			);
			name = Frameworks;
			sourceTree = "<group>";
		};
/* End PBXGroup section */

/* Begin PBXNativeTarget section */
		9C13A7632C181DCE006D2DFF /* RestaurantManagement */ = {
			isa = PBXNativeTarget;
			buildConfigurationList = 9C13A78B2C181DD1006D2DFF /* Build configuration list for PBXNativeTarget "RestaurantManagement" */;
			buildPhases = (
				9C13A7602C181DCE006D2DFF /* Sources */,
				9C13A7612C181DCE006D2DFF /* Frameworks */,
				9C13A7622C181DCE006D2DFF /* Resources */,
			);
			buildRules = (
			);
			dependencies = (
			);
			name = RestaurantManagement;
			packageProductDependencies = (
				9C1B97FA2C24DD3500296A03 /* FirebaseAuth */,
			);
			productName = RestaurantManagement;
			productReference = 9C13A7642C181DCE006D2DFF /* RestaurantManagement.app */;
			productType = "com.apple.product-type.application";
		};
		9C13A7762C181DD1006D2DFF /* RestaurantManagementTests */ = {
			isa = PBXNativeTarget;
			buildConfigurationList = 9C13A78E2C181DD1006D2DFF /* Build configuration list for PBXNativeTarget "RestaurantManagementTests" */;
			buildPhases = (
				9C13A7732C181DD1006D2DFF /* Sources */,
				9C13A7742C181DD1006D2DFF /* Frameworks */,
				9C13A7752C181DD1006D2DFF /* Resources */,
			);
			buildRules = (
			);
			dependencies = (
				9C13A7792C181DD1006D2DFF /* PBXTargetDependency */,
			);
			name = RestaurantManagementTests;
			productName = RestaurantManagementTests;
			productReference = 9C13A7772C181DD1006D2DFF /* RestaurantManagementTests.xctest */;
			productType = "com.apple.product-type.bundle.unit-test";
		};
		9C13A7802C181DD1006D2DFF /* RestaurantManagementUITests */ = {
			isa = PBXNativeTarget;
			buildConfigurationList = 9C13A7912C181DD1006D2DFF /* Build configuration list for PBXNativeTarget "RestaurantManagementUITests" */;
			buildPhases = (
				9C13A77D2C181DD1006D2DFF /* Sources */,
				9C13A77E2C181DD1006D2DFF /* Frameworks */,
				9C13A77F2C181DD1006D2DFF /* Resources */,
			);
			buildRules = (
			);
			dependencies = (
				9C13A7832C181DD1006D2DFF /* PBXTargetDependency */,
			);
			name = RestaurantManagementUITests;
			productName = RestaurantManagementUITests;
			productReference = 9C13A7812C181DD1006D2DFF /* RestaurantManagementUITests.xctest */;
			productType = "com.apple.product-type.bundle.ui-testing";
		};
/* End PBXNativeTarget section */

/* Begin PBXProject section */
		9C13A75C2C181DCE006D2DFF /* Project object */ = {
			isa = PBXProject;
			attributes = {
				BuildIndependentTargetsInParallel = 1;
				LastSwiftUpdateCheck = 1530;
				LastUpgradeCheck = 1530;
				TargetAttributes = {
					9C13A7632C181DCE006D2DFF = {
						CreatedOnToolsVersion = 15.3;
					};
					9C13A7762C181DD1006D2DFF = {
						CreatedOnToolsVersion = 15.3;
						TestTargetID = 9C13A7632C181DCE006D2DFF;
					};
					9C13A7802C181DD1006D2DFF = {
						CreatedOnToolsVersion = 15.3;
						TestTargetID = 9C13A7632C181DCE006D2DFF;
					};
				};
			};
			buildConfigurationList = 9C13A75F2C181DCE006D2DFF /* Build configuration list for PBXProject "RestaurantManagement" */;
			compatibilityVersion = "Xcode 14.0";
			developmentRegion = en;
			hasScannedForEncodings = 0;
			knownRegions = (
				en,
				Base,
			);
			mainGroup = 9C13A75B2C181DCE006D2DFF;
			packageReferences = (
				9C1B97F82C24DCA700296A03 /* XCRemoteSwiftPackageReference "firebase-ios-sdk" */,
			);
			productRefGroup = 9C13A7652C181DCE006D2DFF /* Products */;
			projectDirPath = "";
			projectRoot = "";
			targets = (
				9C13A7632C181DCE006D2DFF /* RestaurantManagement */,
				9C13A7762C181DD1006D2DFF /* RestaurantManagementTests */,
				9C13A7802C181DD1006D2DFF /* RestaurantManagementUITests */,
			);
		};
/* End PBXProject section */

/* Begin PBXResourcesBuildPhase section */
		9C13A7622C181DCE006D2DFF /* Resources */ = {
			isa = PBXResourcesBuildPhase;
			buildActionMask = 2147483647;
			files = (
				9C13A7722C181DD1006D2DFF /* Preview Assets.xcassets in Resources */,
				9C13A76E2C181DD1006D2DFF /* Assets.xcassets in Resources */,
				9C1B97FF2C26202E00296A03 /* GoogleService-Info.plist in Resources */,
			);
			runOnlyForDeploymentPostprocessing = 0;
		};
		9C13A7752C181DD1006D2DFF /* Resources */ = {
			isa = PBXResourcesBuildPhase;
			buildActionMask = 2147483647;
			files = (
			);
			runOnlyForDeploymentPostprocessing = 0;
		};
		9C13A77F2C181DD1006D2DFF /* Resources */ = {
			isa = PBXResourcesBuildPhase;
			buildActionMask = 2147483647;
			files = (
			);
			runOnlyForDeploymentPostprocessing = 0;
		};
/* End PBXResourcesBuildPhase section */

/* Begin PBXSourcesBuildPhase section */
		9C13A7602C181DCE006D2DFF /* Sources */ = {
			isa = PBXSourcesBuildPhase;
			buildActionMask = 2147483647;
			files = (
				9C13A76A2C181DCE006D2DFF /* ContentView.swift in Sources */,
				9C13A76C2C181DCE006D2DFF /* Item.swift in Sources */,
				9C13A7952C181E72006D2DFF /* LoginView.swift in Sources */,
				9C1B97FD2C250B3600296A03 /* AppDelegate.swift in Sources */,
				9C13A7682C181DCE006D2DFF /* RestaurantManagementApp.swift in Sources */,
				9C13A79B2C181F81006D2DFF /* InventoryView.swift in Sources */,
				9C13A79D2C181F8D006D2DFF /* CostView.swift in Sources */,
				9C13A7992C181ECC006D2DFF /* HomePageView.swift in Sources */,
				9C13A7972C181E9B006D2DFF /* CreateAccountView.swift in Sources */,
			);
			runOnlyForDeploymentPostprocessing = 0;
		};
		9C13A7732C181DD1006D2DFF /* Sources */ = {
			isa = PBXSourcesBuildPhase;
			buildActionMask = 2147483647;
			files = (
				9C13A77C2C181DD1006D2DFF /* RestaurantManagementTests.swift in Sources */,
			);
			runOnlyForDeploymentPostprocessing = 0;
		};
		9C13A77D2C181DD1006D2DFF /* Sources */ = {
			isa = PBXSourcesBuildPhase;
			buildActionMask = 2147483647;
			files = (
				9C13A7882C181DD1006D2DFF /* RestaurantManagementUITestsLaunchTests.swift in Sources */,
				9C13A7862C181DD1006D2DFF /* RestaurantManagementUITests.swift in Sources */,
			);
			runOnlyForDeploymentPostprocessing = 0;
		};
/* End PBXSourcesBuildPhase section */

/* Begin PBXTargetDependency section */
		9C13A7792C181DD1006D2DFF /* PBXTargetDependency */ = {
			isa = PBXTargetDependency;
			target = 9C13A7632C181DCE006D2DFF /* RestaurantManagement */;
			targetProxy = 9C13A7782C181DD1006D2DFF /* PBXContainerItemProxy */;
		};
		9C13A7832C181DD1006D2DFF /* PBXTargetDependency */ = {
			isa = PBXTargetDependency;
			target = 9C13A7632C181DCE006D2DFF /* RestaurantManagement */;
			targetProxy = 9C13A7822C181DD1006D2DFF /* PBXContainerItemProxy */;
		};
/* End PBXTargetDependency section */

/* Begin XCBuildConfiguration section */
		9C13A7892C181DD1006D2DFF /* Debug */ = {
			isa = XCBuildConfiguration;
			buildSettings = {
				ALWAYS_SEARCH_USER_PATHS = NO;
				ASSETCATALOG_COMPILER_GENERATE_SWIFT_ASSET_SYMBOL_EXTENSIONS = YES;
				CLANG_ANALYZER_NONNULL = YES;
				CLANG_ANALYZER_NUMBER_OBJECT_CONVERSION = YES_AGGRESSIVE;
				CLANG_CXX_LANGUAGE_STANDARD = "gnu++20";
				CLANG_ENABLE_MODULES = YES;
				CLANG_ENABLE_OBJC_ARC = YES;
				CLANG_ENABLE_OBJC_WEAK = YES;
				CLANG_WARN_BLOCK_CAPTURE_AUTORELEASING = YES;
				CLANG_WARN_BOOL_CONVERSION = YES;
				CLANG_WARN_COMMA = YES;
				CLANG_WARN_CONSTANT_CONVERSION = YES;
				CLANG_WARN_DEPRECATED_OBJC_IMPLEMENTATIONS = YES;
				CLANG_WARN_DIRECT_OBJC_ISA_USAGE = YES_ERROR;
				CLANG_WARN_DOCUMENTATION_COMMENTS = YES;
				CLANG_WARN_EMPTY_BODY = YES;
				CLANG_WARN_ENUM_CONVERSION = YES;
				CLANG_WARN_INFINITE_RECURSION = YES;
				CLANG_WARN_INT_CONVERSION = YES;
				CLANG_WARN_NON_LITERAL_NULL_CONVERSION = YES;
				CLANG_WARN_OBJC_IMPLICIT_RETAIN_SELF = YES;
				CLANG_WARN_OBJC_LITERAL_CONVERSION = YES;
				CLANG_WARN_OBJC_ROOT_CLASS = YES_ERROR;
				CLANG_WARN_QUOTED_INCLUDE_IN_FRAMEWORK_HEADER = YES;
				CLANG_WARN_RANGE_LOOP_ANALYSIS = YES;
				CLANG_WARN_STRICT_PROTOTYPES = YES;
				CLANG_WARN_SUSPICIOUS_MOVE = YES;
				CLANG_WARN_UNGUARDED_AVAILABILITY = YES_AGGRESSIVE;
				CLANG_WARN_UNREACHABLE_CODE = YES;
				CLANG_WARN__DUPLICATE_METHOD_MATCH = YES;
				COPY_PHASE_STRIP = NO;
				DEBUG_INFORMATION_FORMAT = dwarf;
				ENABLE_STRICT_OBJC_MSGSEND = YES;
				ENABLE_TESTABILITY = YES;
				ENABLE_USER_SCRIPT_SANDBOXING = YES;
				GCC_C_LANGUAGE_STANDARD = gnu17;
				GCC_DYNAMIC_NO_PIC = NO;
				GCC_NO_COMMON_BLOCKS = YES;
				GCC_OPTIMIZATION_LEVEL = 0;
				GCC_PREPROCESSOR_DEFINITIONS = (
					"DEBUG=1",
					"$(inherited)",
				);
				GCC_WARN_64_TO_32_BIT_CONVERSION = YES;
				GCC_WARN_ABOUT_RETURN_TYPE = YES_ERROR;
				GCC_WARN_UNDECLARED_SELECTOR = YES;
				GCC_WARN_UNINITIALIZED_AUTOS = YES_AGGRESSIVE;
				GCC_WARN_UNUSED_FUNCTION = YES;
				GCC_WARN_UNUSED_VARIABLE = YES;
				LOCALIZATION_PREFERS_STRING_CATALOGS = YES;
				MTL_ENABLE_DEBUG_INFO = INCLUDE_SOURCE;
				MTL_FAST_MATH = YES;
				ONLY_ACTIVE_ARCH = YES;
				SWIFT_ACTIVE_COMPILATION_CONDITIONS = "DEBUG $(inherited)";
				SWIFT_OPTIMIZATION_LEVEL = "-Onone";
			};
			name = Debug;
		};
		9C13A78A2C181DD1006D2DFF /* Release */ = {
			isa = XCBuildConfiguration;
			buildSettings = {
				ALWAYS_SEARCH_USER_PATHS = NO;
				ASSETCATALOG_COMPILER_GENERATE_SWIFT_ASSET_SYMBOL_EXTENSIONS = YES;
				CLANG_ANALYZER_NONNULL = YES;
				CLANG_ANALYZER_NUMBER_OBJECT_CONVERSION = YES_AGGRESSIVE;
				CLANG_CXX_LANGUAGE_STANDARD = "gnu++20";
				CLANG_ENABLE_MODULES = YES;
				CLANG_ENABLE_OBJC_ARC = YES;
				CLANG_ENABLE_OBJC_WEAK = YES;
				CLANG_WARN_BLOCK_CAPTURE_AUTORELEASING = YES;
				CLANG_WARN_BOOL_CONVERSION = YES;
				CLANG_WARN_COMMA = YES;
				CLANG_WARN_CONSTANT_CONVERSION = YES;
				CLANG_WARN_DEPRECATED_OBJC_IMPLEMENTATIONS = YES;
				CLANG_WARN_DIRECT_OBJC_ISA_USAGE = YES_ERROR;
				CLANG_WARN_DOCUMENTATION_COMMENTS = YES;
				CLANG_WARN_EMPTY_BODY = YES;
				CLANG_WARN_ENUM_CONVERSION = YES;
				CLANG_WARN_INFINITE_RECURSION = YES;
				CLANG_WARN_INT_CONVERSION = YES;
				CLANG_WARN_NON_LITERAL_NULL_CONVERSION = YES;
				CLANG_WARN_OBJC_IMPLICIT_RETAIN_SELF = YES;
				CLANG_WARN_OBJC_LITERAL_CONVERSION = YES;
				CLANG_WARN_OBJC_ROOT_CLASS = YES_ERROR;
				CLANG_WARN_QUOTED_INCLUDE_IN_FRAMEWORK_HEADER = YES;
				CLANG_WARN_RANGE_LOOP_ANALYSIS = YES;
				CLANG_WARN_STRICT_PROTOTYPES = YES;
				CLANG_WARN_SUSPICIOUS_MOVE = YES;
				CLANG_WARN_UNGUARDED_AVAILABILITY = YES_AGGRESSIVE;
				CLANG_WARN_UNREACHABLE_CODE = YES;
				CLANG_WARN__DUPLICATE_METHOD_MATCH = YES;
				COPY_PHASE_STRIP = NO;
				DEBUG_INFORMATION_FORMAT = "dwarf-with-dsym";
				ENABLE_NS_ASSERTIONS = NO;
				ENABLE_STRICT_OBJC_MSGSEND = YES;
				ENABLE_USER_SCRIPT_SANDBOXING = YES;
				GCC_C_LANGUAGE_STANDARD = gnu17;
				GCC_NO_COMMON_BLOCKS = YES;
				GCC_WARN_64_TO_32_BIT_CONVERSION = YES;
				GCC_WARN_ABOUT_RETURN_TYPE = YES_ERROR;
				GCC_WARN_UNDECLARED_SELECTOR = YES;
				GCC_WARN_UNINITIALIZED_AUTOS = YES_AGGRESSIVE;
				GCC_WARN_UNUSED_FUNCTION = YES;
				GCC_WARN_UNUSED_VARIABLE = YES;
				LOCALIZATION_PREFERS_STRING_CATALOGS = YES;
				MTL_ENABLE_DEBUG_INFO = NO;
				MTL_FAST_MATH = YES;
				SWIFT_COMPILATION_MODE = wholemodule;
			};
			name = Release;
		};
		9C13A78C2C181DD1006D2DFF /* Debug */ = {
			isa = XCBuildConfiguration;
			buildSettings = {
				ASSETCATALOG_COMPILER_APPICON_NAME = AppIcon;
				ASSETCATALOG_COMPILER_GLOBAL_ACCENT_COLOR_NAME = AccentColor;
				CODE_SIGN_ENTITLEMENTS = RestaurantManagement/RestaurantManagement.entitlements;
				CODE_SIGN_STYLE = Automatic;
				CURRENT_PROJECT_VERSION = 1;
				DEVELOPMENT_ASSET_PATHS = "\"RestaurantManagement/Preview Content\"";
				ENABLE_PREVIEWS = YES;
				GENERATE_INFOPLIST_FILE = YES;
				"INFOPLIST_KEY_UIApplicationSceneManifest_Generation[sdk=iphoneos*]" = YES;
				"INFOPLIST_KEY_UIApplicationSceneManifest_Generation[sdk=iphonesimulator*]" = YES;
				"INFOPLIST_KEY_UIApplicationSupportsIndirectInputEvents[sdk=iphoneos*]" = YES;
				"INFOPLIST_KEY_UIApplicationSupportsIndirectInputEvents[sdk=iphonesimulator*]" = YES;
				"INFOPLIST_KEY_UILaunchScreen_Generation[sdk=iphoneos*]" = YES;
				"INFOPLIST_KEY_UILaunchScreen_Generation[sdk=iphonesimulator*]" = YES;
				"INFOPLIST_KEY_UIStatusBarStyle[sdk=iphoneos*]" = UIStatusBarStyleDefault;
				"INFOPLIST_KEY_UIStatusBarStyle[sdk=iphonesimulator*]" = UIStatusBarStyleDefault;
				INFOPLIST_KEY_UISupportedInterfaceOrientations_iPad = "UIInterfaceOrientationPortrait UIInterfaceOrientationPortraitUpsideDown UIInterfaceOrientationLandscapeLeft UIInterfaceOrientationLandscapeRight";
				INFOPLIST_KEY_UISupportedInterfaceOrientations_iPhone = "UIInterfaceOrientationPortrait UIInterfaceOrientationLandscapeLeft UIInterfaceOrientationLandscapeRight";
				IPHONEOS_DEPLOYMENT_TARGET = 17.4;
				LD_RUNPATH_SEARCH_PATHS = "@executable_path/Frameworks";
				"LD_RUNPATH_SEARCH_PATHS[sdk=macosx*]" = "@executable_path/../Frameworks";
				MACOSX_DEPLOYMENT_TARGET = 14.0;
				MARKETING_VERSION = 1.0;
				PRODUCT_BUNDLE_IDENTIFIER = com.amrit.RestaurantManagement;
				PRODUCT_NAME = "$(TARGET_NAME)";
				SDKROOT = auto;
				SUPPORTED_PLATFORMS = "iphoneos iphonesimulator";
				SUPPORTS_MACCATALYST = NO;
				SWIFT_EMIT_LOC_STRINGS = YES;
				SWIFT_VERSION = 5.0;
				TARGETED_DEVICE_FAMILY = 1;
			};
			name = Debug;
		};
		9C13A78D2C181DD1006D2DFF /* Release */ = {
			isa = XCBuildConfiguration;
			buildSettings = {
				ASSETCATALOG_COMPILER_APPICON_NAME = AppIcon;
				ASSETCATALOG_COMPILER_GLOBAL_ACCENT_COLOR_NAME = AccentColor;
				CODE_SIGN_ENTITLEMENTS = RestaurantManagement/RestaurantManagement.entitlements;
				CODE_SIGN_STYLE = Automatic;
				CURRENT_PROJECT_VERSION = 1;
				DEVELOPMENT_ASSET_PATHS = "\"RestaurantManagement/Preview Content\"";
				ENABLE_PREVIEWS = YES;
				GENERATE_INFOPLIST_FILE = YES;
				"INFOPLIST_KEY_UIApplicationSceneManifest_Generation[sdk=iphoneos*]" = YES;
				"INFOPLIST_KEY_UIApplicationSceneManifest_Generation[sdk=iphonesimulator*]" = YES;
				"INFOPLIST_KEY_UIApplicationSupportsIndirectInputEvents[sdk=iphoneos*]" = YES;
				"INFOPLIST_KEY_UIApplicationSupportsIndirectInputEvents[sdk=iphonesimulator*]" = YES;
				"INFOPLIST_KEY_UILaunchScreen_Generation[sdk=iphoneos*]" = YES;
				"INFOPLIST_KEY_UILaunchScreen_Generation[sdk=iphonesimulator*]" = YES;
				"INFOPLIST_KEY_UIStatusBarStyle[sdk=iphoneos*]" = UIStatusBarStyleDefault;
				"INFOPLIST_KEY_UIStatusBarStyle[sdk=iphonesimulator*]" = UIStatusBarStyleDefault;
				INFOPLIST_KEY_UISupportedInterfaceOrientations_iPad = "UIInterfaceOrientationPortrait UIInterfaceOrientationPortraitUpsideDown UIInterfaceOrientationLandscapeLeft UIInterfaceOrientationLandscapeRight";
				INFOPLIST_KEY_UISupportedInterfaceOrientations_iPhone = "UIInterfaceOrientationPortrait UIInterfaceOrientationLandscapeLeft UIInterfaceOrientationLandscapeRight";
				IPHONEOS_DEPLOYMENT_TARGET = 17.4;
				LD_RUNPATH_SEARCH_PATHS = "@executable_path/Frameworks";
				"LD_RUNPATH_SEARCH_PATHS[sdk=macosx*]" = "@executable_path/../Frameworks";
				MACOSX_DEPLOYMENT_TARGET = 14.0;
				MARKETING_VERSION = 1.0;
				PRODUCT_BUNDLE_IDENTIFIER = com.amrit.RestaurantManagement;
				PRODUCT_NAME = "$(TARGET_NAME)";
				SDKROOT = auto;
				SUPPORTED_PLATFORMS = "iphoneos iphonesimulator";
				SUPPORTS_MACCATALYST = NO;
				SWIFT_EMIT_LOC_STRINGS = YES;
				SWIFT_VERSION = 5.0;
				TARGETED_DEVICE_FAMILY = 1;
			};
			name = Release;
		};
		9C13A78F2C181DD1006D2DFF /* Debug */ = {
			isa = XCBuildConfiguration;
			buildSettings = {
				ALWAYS_EMBED_SWIFT_STANDARD_LIBRARIES = YES;
				BUNDLE_LOADER = "$(TEST_HOST)";
				CODE_SIGN_STYLE = Automatic;
				CURRENT_PROJECT_VERSION = 1;
				GENERATE_INFOPLIST_FILE = YES;
				IPHONEOS_DEPLOYMENT_TARGET = 17.4;
				MACOSX_DEPLOYMENT_TARGET = 14.4;
				MARKETING_VERSION = 1.0;
				PRODUCT_BUNDLE_IDENTIFIER = com.amrit.RestaurantManagementTests;
				PRODUCT_NAME = "$(TARGET_NAME)";
				SDKROOT = auto;
				SUPPORTED_PLATFORMS = "iphoneos iphonesimulator macosx";
				SWIFT_EMIT_LOC_STRINGS = NO;
				SWIFT_VERSION = 5.0;
				TARGETED_DEVICE_FAMILY = "1,2";
				TEST_HOST = "$(BUILT_PRODUCTS_DIR)/RestaurantManagement.app/$(BUNDLE_EXECUTABLE_FOLDER_PATH)/RestaurantManagement";
			};
			name = Debug;
		};
		9C13A7902C181DD1006D2DFF /* Release */ = {
			isa = XCBuildConfiguration;
			buildSettings = {
				ALWAYS_EMBED_SWIFT_STANDARD_LIBRARIES = YES;
				BUNDLE_LOADER = "$(TEST_HOST)";
				CODE_SIGN_STYLE = Automatic;
				CURRENT_PROJECT_VERSION = 1;
				GENERATE_INFOPLIST_FILE = YES;
				IPHONEOS_DEPLOYMENT_TARGET = 17.4;
				MACOSX_DEPLOYMENT_TARGET = 14.4;
				MARKETING_VERSION = 1.0;
				PRODUCT_BUNDLE_IDENTIFIER = com.amrit.RestaurantManagementTests;
				PRODUCT_NAME = "$(TARGET_NAME)";
				SDKROOT = auto;
				SUPPORTED_PLATFORMS = "iphoneos iphonesimulator macosx";
				SWIFT_EMIT_LOC_STRINGS = NO;
				SWIFT_VERSION = 5.0;
				TARGETED_DEVICE_FAMILY = "1,2";
				TEST_HOST = "$(BUILT_PRODUCTS_DIR)/RestaurantManagement.app/$(BUNDLE_EXECUTABLE_FOLDER_PATH)/RestaurantManagement";
			};
			name = Release;
		};
		9C13A7922C181DD1006D2DFF /* Debug */ = {
			isa = XCBuildConfiguration;
			buildSettings = {
				ALWAYS_EMBED_SWIFT_STANDARD_LIBRARIES = YES;
				CODE_SIGN_STYLE = Automatic;
				CURRENT_PROJECT_VERSION = 1;
				GENERATE_INFOPLIST_FILE = YES;
				IPHONEOS_DEPLOYMENT_TARGET = 17.4;
				MACOSX_DEPLOYMENT_TARGET = 14.4;
				MARKETING_VERSION = 1.0;
				PRODUCT_BUNDLE_IDENTIFIER = com.amrit.RestaurantManagementUITests;
				PRODUCT_NAME = "$(TARGET_NAME)";
				SDKROOT = auto;
				SUPPORTED_PLATFORMS = "iphoneos iphonesimulator macosx";
				SWIFT_EMIT_LOC_STRINGS = NO;
				SWIFT_VERSION = 5.0;
				TARGETED_DEVICE_FAMILY = "1,2";
				TEST_TARGET_NAME = RestaurantManagement;
			};
			name = Debug;
		};
		9C13A7932C181DD1006D2DFF /* Release */ = {
			isa = XCBuildConfiguration;
			buildSettings = {
				ALWAYS_EMBED_SWIFT_STANDARD_LIBRARIES = YES;
				CODE_SIGN_STYLE = Automatic;
				CURRENT_PROJECT_VERSION = 1;
				GENERATE_INFOPLIST_FILE = YES;
				IPHONEOS_DEPLOYMENT_TARGET = 17.4;
				MACOSX_DEPLOYMENT_TARGET = 14.4;
				MARKETING_VERSION = 1.0;
				PRODUCT_BUNDLE_IDENTIFIER = com.amrit.RestaurantManagementUITests;
				PRODUCT_NAME = "$(TARGET_NAME)";
				SDKROOT = auto;
				SUPPORTED_PLATFORMS = "iphoneos iphonesimulator macosx";
				SWIFT_EMIT_LOC_STRINGS = NO;
				SWIFT_VERSION = 5.0;
				TARGETED_DEVICE_FAMILY = "1,2";
				TEST_TARGET_NAME = RestaurantManagement;
			};
			name = Release;
		};
/* End XCBuildConfiguration section */

/* Begin XCConfigurationList section */
		9C13A75F2C181DCE006D2DFF /* Build configuration list for PBXProject "RestaurantManagement" */ = {
			isa = XCConfigurationList;
			buildConfigurations = (
				9C13A7892C181DD1006D2DFF /* Debug */,
				9C13A78A2C181DD1006D2DFF /* Release */,
			);
			defaultConfigurationIsVisible = 0;
			defaultConfigurationName = Release;
		};
		9C13A78B2C181DD1006D2DFF /* Build configuration list for PBXNativeTarget "RestaurantManagement" */ = {
			isa = XCConfigurationList;
			buildConfigurations = (
				9C13A78C2C181DD1006D2DFF /* Debug */,
				9C13A78D2C181DD1006D2DFF /* Release */,
			);
			defaultConfigurationIsVisible = 0;
			defaultConfigurationName = Release;
		};
		9C13A78E2C181DD1006D2DFF /* Build configuration list for PBXNativeTarget "RestaurantManagementTests" */ = {
			isa = XCConfigurationList;
			buildConfigurations = (
				9C13A78F2C181DD1006D2DFF /* Debug */,
				9C13A7902C181DD1006D2DFF /* Release */,
			);
			defaultConfigurationIsVisible = 0;
			defaultConfigurationName = Release;
		};
		9C13A7912C181DD1006D2DFF /* Build configuration list for PBXNativeTarget "RestaurantManagementUITests" */ = {
			isa = XCConfigurationList;
			buildConfigurations = (
				9C13A7922C181DD1006D2DFF /* Debug */,
				9C13A7932C181DD1006D2DFF /* Release */,
			);
			defaultConfigurationIsVisible = 0;
			defaultConfigurationName = Release;
		};
/* End XCConfigurationList section */

/* Begin XCRemoteSwiftPackageReference section */
		9C1B97F82C24DCA700296A03 /* XCRemoteSwiftPackageReference "firebase-ios-sdk" */ = {
			isa = XCRemoteSwiftPackageReference;
			repositoryURL = "https://github.com/firebase/firebase-ios-sdk";
			requirement = {
				kind = upToNextMajorVersion;
				minimumVersion = 10.28.0;
			};
		};
/* End XCRemoteSwiftPackageReference section */

/* Begin XCSwiftPackageProductDependency section */
		9C1B97FA2C24DD3500296A03 /* FirebaseAuth */ = {
			isa = XCSwiftPackageProductDependency;
			package = 9C1B97F82C24DCA700296A03 /* XCRemoteSwiftPackageReference "firebase-ios-sdk" */;
			productName = FirebaseAuth;
		};
/* End XCSwiftPackageProductDependency section */
	};
	rootObject = 9C13A75C2C181DCE006D2DFF /* Project object */;
}
